// !$*UTF8*$!
{
	archiveVersion = 1;
	classes = {
	};
	objectVersion = 56;
	objects = {

/* Begin PBXBuildFile section */
		5300ABB02C2170E5000E87B8 /* String+Extension.swift in Sources */ = {isa = PBXBuildFile; fileRef = 5300ABAF2C2170E5000E87B8 /* String+Extension.swift */; };
		532F16582C1B585800EB4F8F /* AppDelegate.swift in Sources */ = {isa = PBXBuildFile; fileRef = 532F16572C1B585800EB4F8F /* AppDelegate.swift */; };
		532F165A2C1B585800EB4F8F /* SceneDelegate.swift in Sources */ = {isa = PBXBuildFile; fileRef = 532F16592C1B585800EB4F8F /* SceneDelegate.swift */; };
		532F165C2C1B585800EB4F8F /* ViewController.swift in Sources */ = {isa = PBXBuildFile; fileRef = 532F165B2C1B585800EB4F8F /* ViewController.swift */; };
		532F16612C1B585A00EB4F8F /* Assets.xcassets in Resources */ = {isa = PBXBuildFile; fileRef = 532F16602C1B585A00EB4F8F /* Assets.xcassets */; };
		532F16642C1B585A00EB4F8F /* Base in Resources */ = {isa = PBXBuildFile; fileRef = 532F16632C1B585A00EB4F8F /* Base */; };
		532F166C2C1B595300EB4F8F /* .gitignore in Resources */ = {isa = PBXBuildFile; fileRef = 532F166B2C1B595300EB4F8F /* .gitignore */; };
		534275FA2C2D576F00691D4A /* Encodable+Extension.swift in Sources */ = {isa = PBXBuildFile; fileRef = 534275F92C2D576F00691D4A /* Encodable+Extension.swift */; };
		534275FC2C2D802400691D4A /* ServiceManager.swift in Sources */ = {isa = PBXBuildFile; fileRef = 534275FB2C2D802400691D4A /* ServiceManager.swift */; };
		5346DA172C1C1692008DEFBD /* UserInformationDTO.swift in Sources */ = {isa = PBXBuildFile; fileRef = 5346DA162C1C1692008DEFBD /* UserInformationDTO.swift */; };
		5346DA192C1C16EC008DEFBD /* ProfileSettingViewController.swift in Sources */ = {isa = PBXBuildFile; fileRef = 5346DA182C1C16EC008DEFBD /* ProfileSettingViewController.swift */; };
		5346DA1B2C1C1836008DEFBD /* ProfileSettingViewModel.swift in Sources */ = {isa = PBXBuildFile; fileRef = 5346DA1A2C1C1836008DEFBD /* ProfileSettingViewModel.swift */; };
		5346DA1D2C1C1B22008DEFBD /* ProfileImageView.swift in Sources */ = {isa = PBXBuildFile; fileRef = 5346DA1C2C1C1B22008DEFBD /* ProfileImageView.swift */; };
		5346DA1F2C1C1BF4008DEFBD /* ProfileImage.swift in Sources */ = {isa = PBXBuildFile; fileRef = 5346DA1E2C1C1BF4008DEFBD /* ProfileImage.swift */; };
		5346DA222C1C35ED008DEFBD /* NickNameTextField.swift in Sources */ = {isa = PBXBuildFile; fileRef = 5346DA212C1C35ED008DEFBD /* NickNameTextField.swift */; };
		5346DA252C1C40B5008DEFBD /* CALayer+Extension.swift in Sources */ = {isa = PBXBuildFile; fileRef = 5346DA242C1C40B5008DEFBD /* CALayer+Extension.swift */; };
		5346DA272C1CCBC5008DEFBD /* NickNameMessage.swift in Sources */ = {isa = PBXBuildFile; fileRef = 5346DA262C1CCBC5008DEFBD /* NickNameMessage.swift */; };
		5346DA2A2C1D7185008DEFBD /* NickNameTextFieldDelegate.swift in Sources */ = {isa = PBXBuildFile; fileRef = 5346DA292C1D7185008DEFBD /* NickNameTextFieldDelegate.swift */; };
		5346DA2C2C1D73B9008DEFBD /* ProfileImageSettingViewController.swift in Sources */ = {isa = PBXBuildFile; fileRef = 5346DA2B2C1D73B9008DEFBD /* ProfileImageSettingViewController.swift */; };
		5346DA2F2C1DBAB6008DEFBD /* ProfileSettingImageCollectionViewCell.swift in Sources */ = {isa = PBXBuildFile; fileRef = 5346DA2E2C1DBAB6008DEFBD /* ProfileSettingImageCollectionViewCell.swift */; };
		5346DA312C1DBC7B008DEFBD /* ReuseIdentifiable.swift in Sources */ = {isa = PBXBuildFile; fileRef = 5346DA302C1DBC7B008DEFBD /* ReuseIdentifiable.swift */; };
		5346DA352C1DFD7A008DEFBD /* BlackLeftBarButtonItem.swift in Sources */ = {isa = PBXBuildFile; fileRef = 5346DA342C1DFD7A008DEFBD /* BlackLeftBarButtonItem.swift */; };
		5346DA372C1E007C008DEFBD /* ProfileImageSettingViewModel.swift in Sources */ = {isa = PBXBuildFile; fileRef = 5346DA362C1E007C008DEFBD /* ProfileImageSettingViewModel.swift */; };
		5346DA392C1E1ABB008DEFBD /* ProfileSettingDelegate.swift in Sources */ = {isa = PBXBuildFile; fileRef = 5346DA382C1E1ABB008DEFBD /* ProfileSettingDelegate.swift */; };
		5346DA3B2C1E2116008DEFBD /* UserDefaults+Extension.swift in Sources */ = {isa = PBXBuildFile; fileRef = 5346DA3A2C1E2116008DEFBD /* UserDefaults+Extension.swift */; };
		5346DA3E2C1E2695008DEFBD /* MainViewController.swift in Sources */ = {isa = PBXBuildFile; fileRef = 5346DA3D2C1E2695008DEFBD /* MainViewController.swift */; };
		5346DA442C1EBA65008DEFBD /* TabBarController.swift in Sources */ = {isa = PBXBuildFile; fileRef = 5346DA432C1EBA65008DEFBD /* TabBarController.swift */; };
		5381DD3D2C2055E1006F733B /* SearchResultDelegate.swift in Sources */ = {isa = PBXBuildFile; fileRef = 5381DD3C2C2055E1006F733B /* SearchResultDelegate.swift */; };
		5381DD3F2C205617006F733B /* SearchResultCollectionViewCell.swift in Sources */ = {isa = PBXBuildFile; fileRef = 5381DD3E2C205617006F733B /* SearchResultCollectionViewCell.swift */; };
		5381DD442C205955006F733B /* APIRequest.swift in Sources */ = {isa = PBXBuildFile; fileRef = 5381DD432C205955006F733B /* APIRequest.swift */; };
		5381DD472C205FE2006F733B /* Bundle+Extension.swift in Sources */ = {isa = PBXBuildFile; fileRef = 5381DD462C205FE2006F733B /* Bundle+Extension.swift */; };
		5381DD4A2C206C6F006F733B /* Alamofire in Frameworks */ = {isa = PBXBuildFile; productRef = 5381DD492C206C6F006F733B /* Alamofire */; };
		5381DD4D2C206C77006F733B /* Kingfisher in Frameworks */ = {isa = PBXBuildFile; productRef = 5381DD4C2C206C77006F733B /* Kingfisher */; };
		5381DD502C206CDC006F733B /* NetworkManager.swift in Sources */ = {isa = PBXBuildFile; fileRef = 5381DD4F2C206CDC006F733B /* NetworkManager.swift */; };
		5381DD532C207411006F733B /* Sort.swift in Sources */ = {isa = PBXBuildFile; fileRef = 5381DD522C207411006F733B /* Sort.swift */; };
		5381DD552C20768D006F733B /* SearchResultDTO.swift in Sources */ = {isa = PBXBuildFile; fileRef = 5381DD542C20768D006F733B /* SearchResultDTO.swift */; };
		5381DD572C209CD6006F733B /* LikeItemDTO.swift in Sources */ = {isa = PBXBuildFile; fileRef = 5381DD562C209CD6006F733B /* LikeItemDTO.swift */; };
		5381DD5A2C20A7CC006F733B /* SearchResultDetailViewController.swift in Sources */ = {isa = PBXBuildFile; fileRef = 5381DD592C20A7CC006F733B /* SearchResultDetailViewController.swift */; };
		5381DD5C2C20A92B006F733B /* SearchResultDetailDataModel.swift in Sources */ = {isa = PBXBuildFile; fileRef = 5381DD5B2C20A92B006F733B /* SearchResultDetailDataModel.swift */; };
		5381DD5E2C20A992006F733B /* SearchResultDetailViewModel.swift in Sources */ = {isa = PBXBuildFile; fileRef = 5381DD5D2C20A992006F733B /* SearchResultDetailViewModel.swift */; };
		5381DD652C20B73C006F733B /* SettingViewController.swift in Sources */ = {isa = PBXBuildFile; fileRef = 5381DD642C20B73C006F733B /* SettingViewController.swift */; };
		5381DD682C20B7D9006F733B /* ProfileView.swift in Sources */ = {isa = PBXBuildFile; fileRef = 5381DD672C20B7D9006F733B /* ProfileView.swift */; };
		5381DD6B2C20B9F3006F733B /* SettingViewModel.swift in Sources */ = {isa = PBXBuildFile; fileRef = 5381DD6A2C20B9F3006F733B /* SettingViewModel.swift */; };
		5381DD6E2C20BEA0006F733B /* SettingTableViewCell.swift in Sources */ = {isa = PBXBuildFile; fileRef = 5381DD6D2C20BEA0006F733B /* SettingTableViewCell.swift */; };
		5381DD952C2136F8006F733B /* Navigation.swift in Sources */ = {isa = PBXBuildFile; fileRef = 5381DD942C2136F7006F733B /* Navigation.swift */; };
		53A031002C1F341A00F85A6F /* MainViewModel.swift in Sources */ = {isa = PBXBuildFile; fileRef = 53A030FF2C1F341A00F85A6F /* MainViewModel.swift */; };
		53A031022C1F5D5500F85A6F /* SearchResultViewController.swift in Sources */ = {isa = PBXBuildFile; fileRef = 53A031012C1F5D5500F85A6F /* SearchResultViewController.swift */; };
		53A031042C1F603700F85A6F /* RecentSearchKeywordDTO.swift in Sources */ = {isa = PBXBuildFile; fileRef = 53A031032C1F603700F85A6F /* RecentSearchKeywordDTO.swift */; };
		53A031062C1F60DD00F85A6F /* EmptySearchKeywordView.swift in Sources */ = {isa = PBXBuildFile; fileRef = 53A031052C1F60DD00F85A6F /* EmptySearchKeywordView.swift */; };
		53A0310D2C1F65B300F85A6F /* RecentSearchKeywordTableViewCell.swift in Sources */ = {isa = PBXBuildFile; fileRef = 53A0310C2C1F65B300F85A6F /* RecentSearchKeywordTableViewCell.swift */; };
		53A0310F2C1F6D2F00F85A6F /* RecentSearchKeywordHeaderView.swift in Sources */ = {isa = PBXBuildFile; fileRef = 53A0310E2C1F6D2F00F85A6F /* RecentSearchKeywordHeaderView.swift */; };
		53A4227E2C1B692F00556400 /* ContentSize.swift in Sources */ = {isa = PBXBuildFile; fileRef = 53A4227D2C1B692F00556400 /* ContentSize.swift */; };
		53AF791A2C295608003F734B /* UIViewController+Extension.swift in Sources */ = {isa = PBXBuildFile; fileRef = 53AF79192C295608003F734B /* UIViewController+Extension.swift */; };
		53C319282C201AB9008A328F /* ManipulateRecentSearchKeywordDelegate.swift in Sources */ = {isa = PBXBuildFile; fileRef = 53C319272C201AB9008A328F /* ManipulateRecentSearchKeywordDelegate.swift */; };
		53C3192E2C201BDF008A328F /* SearchResultViewModel.swift in Sources */ = {isa = PBXBuildFile; fileRef = 53C3192D2C201BDF008A328F /* SearchResultViewModel.swift */; };
		53C319302C202A92008A328F /* SearchResultHeaderView.swift in Sources */ = {isa = PBXBuildFile; fileRef = 53C3192F2C202A92008A328F /* SearchResultHeaderView.swift */; };
		53C319322C202AF0008A328F /* GrayButton.swift in Sources */ = {isa = PBXBuildFile; fileRef = 53C319312C202AF0008A328F /* GrayButton.swift */; };
		53DD78852C313BA4009892F5 /* NetworkRetryHandler.swift in Sources */ = {isa = PBXBuildFile; fileRef = 53DD78842C313BA4009892F5 /* NetworkRetryHandler.swift */; };
		53DD78872C31494B009892F5 /* HTTPMethod.swift in Sources */ = {isa = PBXBuildFile; fileRef = 53DD78862C31494B009892F5 /* HTTPMethod.swift */; };
		53DD78892C314960009892F5 /* NetworkError.swift in Sources */ = {isa = PBXBuildFile; fileRef = 53DD78882C314960009892F5 /* NetworkError.swift */; };
		53DD788C2C31499F009892F5 /* NaverShoppingRequestDTO.swift in Sources */ = {isa = PBXBuildFile; fileRef = 53DD788B2C31499F009892F5 /* NaverShoppingRequestDTO.swift */; };
		53E46DC92C1B60760026DA77 /* Binding.swift in Sources */ = {isa = PBXBuildFile; fileRef = 53E46DC82C1B60760026DA77 /* Binding.swift */; };
		53E46DD02C1B61F10026DA77 /* OnBoardingViewController.swift in Sources */ = {isa = PBXBuildFile; fileRef = 53E46DCF2C1B61F00026DA77 /* OnBoardingViewController.swift */; };
		53E46DD32C1B62A00026DA77 /* OrangeButton.swift in Sources */ = {isa = PBXBuildFile; fileRef = 53E46DD22C1B62A00026DA77 /* OrangeButton.swift */; };
		53E46DD52C1B63760026DA77 /* SystemFont.swift in Sources */ = {isa = PBXBuildFile; fileRef = 53E46DD42C1B63760026DA77 /* SystemFont.swift */; };
		53E46DD82C1B65390026DA77 /* SnapKit in Frameworks */ = {isa = PBXBuildFile; productRef = 53E46DD72C1B65390026DA77 /* SnapKit */; };
/* End PBXBuildFile section */

/* Begin PBXFileReference section */
		5300ABAF2C2170E5000E87B8 /* String+Extension.swift */ = {isa = PBXFileReference; lastKnownFileType = sourcecode.swift; path = "String+Extension.swift"; sourceTree = "<group>"; };
		532F16542C1B585800EB4F8F /* Lets_Shopping.app */ = {isa = PBXFileReference; explicitFileType = wrapper.application; includeInIndex = 0; path = Lets_Shopping.app; sourceTree = BUILT_PRODUCTS_DIR; };
		532F16572C1B585800EB4F8F /* AppDelegate.swift */ = {isa = PBXFileReference; lastKnownFileType = sourcecode.swift; path = AppDelegate.swift; sourceTree = "<group>"; };
		532F16592C1B585800EB4F8F /* SceneDelegate.swift */ = {isa = PBXFileReference; lastKnownFileType = sourcecode.swift; path = SceneDelegate.swift; sourceTree = "<group>"; };
		532F165B2C1B585800EB4F8F /* ViewController.swift */ = {isa = PBXFileReference; lastKnownFileType = sourcecode.swift; path = ViewController.swift; sourceTree = "<group>"; };
		532F16602C1B585A00EB4F8F /* Assets.xcassets */ = {isa = PBXFileReference; lastKnownFileType = folder.assetcatalog; path = Assets.xcassets; sourceTree = "<group>"; };
		532F16632C1B585A00EB4F8F /* Base */ = {isa = PBXFileReference; lastKnownFileType = file.storyboard; name = Base; path = Base.lproj/LaunchScreen.storyboard; sourceTree = "<group>"; };
		532F16652C1B585A00EB4F8F /* Info.plist */ = {isa = PBXFileReference; lastKnownFileType = text.plist.xml; path = Info.plist; sourceTree = "<group>"; };
		532F166B2C1B595300EB4F8F /* .gitignore */ = {isa = PBXFileReference; fileEncoding = 4; lastKnownFileType = text; path = .gitignore; sourceTree = "<group>"; };
		534275F92C2D576F00691D4A /* Encodable+Extension.swift */ = {isa = PBXFileReference; lastKnownFileType = sourcecode.swift; path = "Encodable+Extension.swift"; sourceTree = "<group>"; };
		534275FB2C2D802400691D4A /* ServiceManager.swift */ = {isa = PBXFileReference; lastKnownFileType = sourcecode.swift; path = ServiceManager.swift; sourceTree = "<group>"; };
		5346DA162C1C1692008DEFBD /* UserInformationDTO.swift */ = {isa = PBXFileReference; lastKnownFileType = sourcecode.swift; path = UserInformationDTO.swift; sourceTree = "<group>"; };
		5346DA182C1C16EC008DEFBD /* ProfileSettingViewController.swift */ = {isa = PBXFileReference; lastKnownFileType = sourcecode.swift; path = ProfileSettingViewController.swift; sourceTree = "<group>"; };
		5346DA1A2C1C1836008DEFBD /* ProfileSettingViewModel.swift */ = {isa = PBXFileReference; lastKnownFileType = sourcecode.swift; path = ProfileSettingViewModel.swift; sourceTree = "<group>"; };
		5346DA1C2C1C1B22008DEFBD /* ProfileImageView.swift */ = {isa = PBXFileReference; lastKnownFileType = sourcecode.swift; path = ProfileImageView.swift; sourceTree = "<group>"; };
		5346DA1E2C1C1BF4008DEFBD /* ProfileImage.swift */ = {isa = PBXFileReference; lastKnownFileType = sourcecode.swift; path = ProfileImage.swift; sourceTree = "<group>"; };
		5346DA212C1C35ED008DEFBD /* NickNameTextField.swift */ = {isa = PBXFileReference; lastKnownFileType = sourcecode.swift; path = NickNameTextField.swift; sourceTree = "<group>"; };
		5346DA242C1C40B5008DEFBD /* CALayer+Extension.swift */ = {isa = PBXFileReference; lastKnownFileType = sourcecode.swift; path = "CALayer+Extension.swift"; sourceTree = "<group>"; };
		5346DA262C1CCBC5008DEFBD /* NickNameMessage.swift */ = {isa = PBXFileReference; lastKnownFileType = sourcecode.swift; path = NickNameMessage.swift; sourceTree = "<group>"; };
		5346DA292C1D7185008DEFBD /* NickNameTextFieldDelegate.swift */ = {isa = PBXFileReference; lastKnownFileType = sourcecode.swift; path = NickNameTextFieldDelegate.swift; sourceTree = "<group>"; };
		5346DA2B2C1D73B9008DEFBD /* ProfileImageSettingViewController.swift */ = {isa = PBXFileReference; lastKnownFileType = sourcecode.swift; path = ProfileImageSettingViewController.swift; sourceTree = "<group>"; };
		5346DA2E2C1DBAB6008DEFBD /* ProfileSettingImageCollectionViewCell.swift */ = {isa = PBXFileReference; lastKnownFileType = sourcecode.swift; path = ProfileSettingImageCollectionViewCell.swift; sourceTree = "<group>"; };
		5346DA302C1DBC7B008DEFBD /* ReuseIdentifiable.swift */ = {isa = PBXFileReference; lastKnownFileType = sourcecode.swift; path = ReuseIdentifiable.swift; sourceTree = "<group>"; };
		5346DA342C1DFD7A008DEFBD /* BlackLeftBarButtonItem.swift */ = {isa = PBXFileReference; lastKnownFileType = sourcecode.swift; path = BlackLeftBarButtonItem.swift; sourceTree = "<group>"; };
		5346DA362C1E007C008DEFBD /* ProfileImageSettingViewModel.swift */ = {isa = PBXFileReference; lastKnownFileType = sourcecode.swift; path = ProfileImageSettingViewModel.swift; sourceTree = "<group>"; };
		5346DA382C1E1ABB008DEFBD /* ProfileSettingDelegate.swift */ = {isa = PBXFileReference; lastKnownFileType = sourcecode.swift; path = ProfileSettingDelegate.swift; sourceTree = "<group>"; };
		5346DA3A2C1E2116008DEFBD /* UserDefaults+Extension.swift */ = {isa = PBXFileReference; lastKnownFileType = sourcecode.swift; path = "UserDefaults+Extension.swift"; sourceTree = "<group>"; };
		5346DA3D2C1E2695008DEFBD /* MainViewController.swift */ = {isa = PBXFileReference; lastKnownFileType = sourcecode.swift; path = MainViewController.swift; sourceTree = "<group>"; };
		5346DA432C1EBA65008DEFBD /* TabBarController.swift */ = {isa = PBXFileReference; lastKnownFileType = sourcecode.swift; path = TabBarController.swift; sourceTree = "<group>"; };
		5381DD3C2C2055E1006F733B /* SearchResultDelegate.swift */ = {isa = PBXFileReference; lastKnownFileType = sourcecode.swift; path = SearchResultDelegate.swift; sourceTree = "<group>"; };
		5381DD3E2C205617006F733B /* SearchResultCollectionViewCell.swift */ = {isa = PBXFileReference; lastKnownFileType = sourcecode.swift; path = SearchResultCollectionViewCell.swift; sourceTree = "<group>"; };
		5381DD432C205955006F733B /* APIRequest.swift */ = {isa = PBXFileReference; lastKnownFileType = sourcecode.swift; path = APIRequest.swift; sourceTree = "<group>"; };
		5381DD452C205E65006F733B /* Secrets.xcconfig */ = {isa = PBXFileReference; lastKnownFileType = text.xcconfig; path = Secrets.xcconfig; sourceTree = "<group>"; };
		5381DD462C205FE2006F733B /* Bundle+Extension.swift */ = {isa = PBXFileReference; lastKnownFileType = sourcecode.swift; path = "Bundle+Extension.swift"; sourceTree = "<group>"; };
		5381DD4F2C206CDC006F733B /* NetworkManager.swift */ = {isa = PBXFileReference; lastKnownFileType = sourcecode.swift; path = NetworkManager.swift; sourceTree = "<group>"; };
		5381DD522C207411006F733B /* Sort.swift */ = {isa = PBXFileReference; lastKnownFileType = sourcecode.swift; path = Sort.swift; sourceTree = "<group>"; };
		5381DD542C20768D006F733B /* SearchResultDTO.swift */ = {isa = PBXFileReference; lastKnownFileType = sourcecode.swift; path = SearchResultDTO.swift; sourceTree = "<group>"; };
		5381DD562C209CD6006F733B /* LikeItemDTO.swift */ = {isa = PBXFileReference; lastKnownFileType = sourcecode.swift; path = LikeItemDTO.swift; sourceTree = "<group>"; };
		5381DD592C20A7CC006F733B /* SearchResultDetailViewController.swift */ = {isa = PBXFileReference; lastKnownFileType = sourcecode.swift; path = SearchResultDetailViewController.swift; sourceTree = "<group>"; };
		5381DD5B2C20A92B006F733B /* SearchResultDetailDataModel.swift */ = {isa = PBXFileReference; lastKnownFileType = sourcecode.swift; path = SearchResultDetailDataModel.swift; sourceTree = "<group>"; };
		5381DD5D2C20A992006F733B /* SearchResultDetailViewModel.swift */ = {isa = PBXFileReference; lastKnownFileType = sourcecode.swift; path = SearchResultDetailViewModel.swift; sourceTree = "<group>"; };
		5381DD642C20B73C006F733B /* SettingViewController.swift */ = {isa = PBXFileReference; lastKnownFileType = sourcecode.swift; path = SettingViewController.swift; sourceTree = "<group>"; };
		5381DD672C20B7D9006F733B /* ProfileView.swift */ = {isa = PBXFileReference; lastKnownFileType = sourcecode.swift; path = ProfileView.swift; sourceTree = "<group>"; };
		5381DD6A2C20B9F3006F733B /* SettingViewModel.swift */ = {isa = PBXFileReference; lastKnownFileType = sourcecode.swift; path = SettingViewModel.swift; sourceTree = "<group>"; };
		5381DD6D2C20BEA0006F733B /* SettingTableViewCell.swift */ = {isa = PBXFileReference; lastKnownFileType = sourcecode.swift; path = SettingTableViewCell.swift; sourceTree = "<group>"; };
		5381DD942C2136F7006F733B /* Navigation.swift */ = {isa = PBXFileReference; lastKnownFileType = sourcecode.swift; path = Navigation.swift; sourceTree = "<group>"; };
		53A030FF2C1F341A00F85A6F /* MainViewModel.swift */ = {isa = PBXFileReference; lastKnownFileType = sourcecode.swift; path = MainViewModel.swift; sourceTree = "<group>"; };
		53A031012C1F5D5500F85A6F /* SearchResultViewController.swift */ = {isa = PBXFileReference; lastKnownFileType = sourcecode.swift; path = SearchResultViewController.swift; sourceTree = "<group>"; };
		53A031032C1F603700F85A6F /* RecentSearchKeywordDTO.swift */ = {isa = PBXFileReference; lastKnownFileType = sourcecode.swift; path = RecentSearchKeywordDTO.swift; sourceTree = "<group>"; };
		53A031052C1F60DD00F85A6F /* EmptySearchKeywordView.swift */ = {isa = PBXFileReference; lastKnownFileType = sourcecode.swift; path = EmptySearchKeywordView.swift; sourceTree = "<group>"; };
		53A0310C2C1F65B300F85A6F /* RecentSearchKeywordTableViewCell.swift */ = {isa = PBXFileReference; lastKnownFileType = sourcecode.swift; path = RecentSearchKeywordTableViewCell.swift; sourceTree = "<group>"; };
		53A0310E2C1F6D2F00F85A6F /* RecentSearchKeywordHeaderView.swift */ = {isa = PBXFileReference; lastKnownFileType = sourcecode.swift; path = RecentSearchKeywordHeaderView.swift; sourceTree = "<group>"; };
		53A4227D2C1B692F00556400 /* ContentSize.swift */ = {isa = PBXFileReference; lastKnownFileType = sourcecode.swift; path = ContentSize.swift; sourceTree = "<group>"; };
		53AF79192C295608003F734B /* UIViewController+Extension.swift */ = {isa = PBXFileReference; lastKnownFileType = sourcecode.swift; path = "UIViewController+Extension.swift"; sourceTree = "<group>"; };
		53C319272C201AB9008A328F /* ManipulateRecentSearchKeywordDelegate.swift */ = {isa = PBXFileReference; lastKnownFileType = sourcecode.swift; path = ManipulateRecentSearchKeywordDelegate.swift; sourceTree = "<group>"; };
		53C3192D2C201BDF008A328F /* SearchResultViewModel.swift */ = {isa = PBXFileReference; lastKnownFileType = sourcecode.swift; path = SearchResultViewModel.swift; sourceTree = "<group>"; };
		53C3192F2C202A92008A328F /* SearchResultHeaderView.swift */ = {isa = PBXFileReference; lastKnownFileType = sourcecode.swift; path = SearchResultHeaderView.swift; sourceTree = "<group>"; };
		53C319312C202AF0008A328F /* GrayButton.swift */ = {isa = PBXFileReference; lastKnownFileType = sourcecode.swift; path = GrayButton.swift; sourceTree = "<group>"; };
		53DD78842C313BA4009892F5 /* NetworkRetryHandler.swift */ = {isa = PBXFileReference; lastKnownFileType = sourcecode.swift; path = NetworkRetryHandler.swift; sourceTree = "<group>"; };
		53DD78862C31494B009892F5 /* HTTPMethod.swift */ = {isa = PBXFileReference; lastKnownFileType = sourcecode.swift; path = HTTPMethod.swift; sourceTree = "<group>"; };
		53DD78882C314960009892F5 /* NetworkError.swift */ = {isa = PBXFileReference; lastKnownFileType = sourcecode.swift; path = NetworkError.swift; sourceTree = "<group>"; };
		53DD788B2C31499F009892F5 /* NaverShoppingRequestDTO.swift */ = {isa = PBXFileReference; lastKnownFileType = sourcecode.swift; path = NaverShoppingRequestDTO.swift; sourceTree = "<group>"; };
		53E46DC82C1B60760026DA77 /* Binding.swift */ = {isa = PBXFileReference; lastKnownFileType = sourcecode.swift; path = Binding.swift; sourceTree = "<group>"; };
		53E46DCF2C1B61F00026DA77 /* OnBoardingViewController.swift */ = {isa = PBXFileReference; lastKnownFileType = sourcecode.swift; path = OnBoardingViewController.swift; sourceTree = "<group>"; };
		53E46DD22C1B62A00026DA77 /* OrangeButton.swift */ = {isa = PBXFileReference; lastKnownFileType = sourcecode.swift; path = OrangeButton.swift; sourceTree = "<group>"; };
		53E46DD42C1B63760026DA77 /* SystemFont.swift */ = {isa = PBXFileReference; lastKnownFileType = sourcecode.swift; path = SystemFont.swift; sourceTree = "<group>"; };
/* End PBXFileReference section */

/* Begin PBXFrameworksBuildPhase section */
		532F16512C1B585800EB4F8F /* Frameworks */ = {
			isa = PBXFrameworksBuildPhase;
			buildActionMask = 2147483647;
			files = (
				5381DD4D2C206C77006F733B /* Kingfisher in Frameworks */,
				53E46DD82C1B65390026DA77 /* SnapKit in Frameworks */,
				5381DD4A2C206C6F006F733B /* Alamofire in Frameworks */,
			);
			runOnlyForDeploymentPostprocessing = 0;
		};
/* End PBXFrameworksBuildPhase section */

/* Begin PBXGroup section */
		532F164B2C1B585800EB4F8F = {
			isa = PBXGroup;
			children = (
				532F166B2C1B595300EB4F8F /* .gitignore */,
				532F16562C1B585800EB4F8F /* Lets_Shopping */,
				532F16552C1B585800EB4F8F /* Products */,
			);
			sourceTree = "<group>";
		};
		532F16552C1B585800EB4F8F /* Products */ = {
			isa = PBXGroup;
			children = (
				532F16542C1B585800EB4F8F /* Lets_Shopping.app */,
			);
			name = Products;
			sourceTree = "<group>";
		};
		532F16562C1B585800EB4F8F /* Lets_Shopping */ = {
			isa = PBXGroup;
			children = (
				5381DD4E2C206CD1006F733B /* Network */,
				5346DA232C1C40AD008DEFBD /* Extension */,
				5346DA152C1C168A008DEFBD /* DTO */,
				5346DA202C1C1C0B008DEFBD /* Enum */,
				53E46DD92C1B68480026DA77 /* CustomView */,
				53E46DCD2C1B61D40026DA77 /* View */,
				53E46DC72C1B60600026DA77 /* Utility */,
				532F16572C1B585800EB4F8F /* AppDelegate.swift */,
				532F16592C1B585800EB4F8F /* SceneDelegate.swift */,
				532F165B2C1B585800EB4F8F /* ViewController.swift */,
				532F16602C1B585A00EB4F8F /* Assets.xcassets */,
				532F16622C1B585A00EB4F8F /* LaunchScreen.storyboard */,
				532F16652C1B585A00EB4F8F /* Info.plist */,
				5381DD452C205E65006F733B /* Secrets.xcconfig */,
			);
			path = Lets_Shopping;
			sourceTree = "<group>";
		};
		5346DA152C1C168A008DEFBD /* DTO */ = {
			isa = PBXGroup;
			children = (
				5346DA162C1C1692008DEFBD /* UserInformationDTO.swift */,
				53A031032C1F603700F85A6F /* RecentSearchKeywordDTO.swift */,
				5381DD542C20768D006F733B /* SearchResultDTO.swift */,
				5381DD562C209CD6006F733B /* LikeItemDTO.swift */,
				53DD788B2C31499F009892F5 /* NaverShoppingRequestDTO.swift */,
			);
			path = DTO;
			sourceTree = "<group>";
		};
		5346DA202C1C1C0B008DEFBD /* Enum */ = {
			isa = PBXGroup;
			children = (
				5346DA1E2C1C1BF4008DEFBD /* ProfileImage.swift */,
				53A4227D2C1B692F00556400 /* ContentSize.swift */,
				5346DA262C1CCBC5008DEFBD /* NickNameMessage.swift */,
				5381DD522C207411006F733B /* Sort.swift */,
				5381DD942C2136F7006F733B /* Navigation.swift */,
			);
			path = Enum;
			sourceTree = "<group>";
		};
		5346DA232C1C40AD008DEFBD /* Extension */ = {
			isa = PBXGroup;
			children = (
				5346DA242C1C40B5008DEFBD /* CALayer+Extension.swift */,
				5346DA3A2C1E2116008DEFBD /* UserDefaults+Extension.swift */,
				5381DD462C205FE2006F733B /* Bundle+Extension.swift */,
				5300ABAF2C2170E5000E87B8 /* String+Extension.swift */,
				53AF79192C295608003F734B /* UIViewController+Extension.swift */,
				534275F92C2D576F00691D4A /* Encodable+Extension.swift */,
			);
			path = Extension;
			sourceTree = "<group>";
		};
		5346DA282C1D7176008DEFBD /* Protocol */ = {
			isa = PBXGroup;
			children = (
				5346DA292C1D7185008DEFBD /* NickNameTextFieldDelegate.swift */,
				5346DA382C1E1ABB008DEFBD /* ProfileSettingDelegate.swift */,
			);
			path = Protocol;
			sourceTree = "<group>";
		};
		5346DA2D2C1DBAA8008DEFBD /* Cell */ = {
			isa = PBXGroup;
			children = (
				5346DA2E2C1DBAB6008DEFBD /* ProfileSettingImageCollectionViewCell.swift */,
			);
			path = Cell;
			sourceTree = "<group>";
		};
		5346DA3C2C1E2674008DEFBD /* Main */ = {
			isa = PBXGroup;
			children = (
				53C319262C201AAB008A328F /* Protocol */,
				53A030FE2C1F340F00F85A6F /* ViewModel */,
				5346DA412C1E2780008DEFBD /* View */,
			);
			path = Main;
			sourceTree = "<group>";
		};
		5346DA3F2C1E2753008DEFBD /* Profile */ = {
			isa = PBXGroup;
			children = (
				53E46DCC2C1B61B80026DA77 /* View */,
				53E46DCB2C1B61B40026DA77 /* ViewModel */,
			);
			path = Profile;
			sourceTree = "<group>";
		};
		5346DA402C1E276A008DEFBD /* View */ = {
			isa = PBXGroup;
			children = (
				53E46DCF2C1B61F00026DA77 /* OnBoardingViewController.swift */,
			);
			path = View;
			sourceTree = "<group>";
		};
		5346DA412C1E2780008DEFBD /* View */ = {
			isa = PBXGroup;
			children = (
				5381DD592C20A7CC006F733B /* SearchResultDetailViewController.swift */,
				5346DA3D2C1E2695008DEFBD /* MainViewController.swift */,
				53A031012C1F5D5500F85A6F /* SearchResultViewController.swift */,
				53A0310B2C1F658500F85A6F /* View */,
				53A0310A2C1F657600F85A6F /* Cell */,
			);
			path = View;
			sourceTree = "<group>";
		};
		5346DA422C1EBA58008DEFBD /* Tabbar */ = {
			isa = PBXGroup;
			children = (
				5346DA432C1EBA65008DEFBD /* TabBarController.swift */,
			);
			path = Tabbar;
			sourceTree = "<group>";
		};
		5381DD402C20593C006F733B /* API */ = {
			isa = PBXGroup;
			children = (
				5381DD432C205955006F733B /* APIRequest.swift */,
			);
			path = API;
			sourceTree = "<group>";
		};
		5381DD4E2C206CD1006F733B /* Network */ = {
			isa = PBXGroup;
			children = (
				53DD788A2C31496A009892F5 /* enum */,
				5381DD4F2C206CDC006F733B /* NetworkManager.swift */,
				534275FB2C2D802400691D4A /* ServiceManager.swift */,
				53DD78842C313BA4009892F5 /* NetworkRetryHandler.swift */,
			);
			path = Network;
			sourceTree = "<group>";
		};
		5381DD5F2C20AE45006F733B /* DataModel */ = {
			isa = PBXGroup;
			children = (
				5381DD5B2C20A92B006F733B /* SearchResultDetailDataModel.swift */,
			);
			path = DataModel;
			sourceTree = "<group>";
		};
		5381DD622C20B72E006F733B /* Setting */ = {
			isa = PBXGroup;
			children = (
				5381DD632C20B733006F733B /* View */,
			);
			path = Setting;
			sourceTree = "<group>";
		};
		5381DD632C20B733006F733B /* View */ = {
			isa = PBXGroup;
			children = (
				5381DD692C20B9EA006F733B /* ViewModel */,
				5381DD662C20B7CA006F733B /* View */,
				5381DD642C20B73C006F733B /* SettingViewController.swift */,
			);
			path = View;
			sourceTree = "<group>";
		};
		5381DD662C20B7CA006F733B /* View */ = {
			isa = PBXGroup;
			children = (
				5381DD6C2C20BE92006F733B /* Cell */,
				5381DD672C20B7D9006F733B /* ProfileView.swift */,
			);
			path = View;
			sourceTree = "<group>";
		};
		5381DD692C20B9EA006F733B /* ViewModel */ = {
			isa = PBXGroup;
			children = (
				5381DD6A2C20B9F3006F733B /* SettingViewModel.swift */,
			);
			path = ViewModel;
			sourceTree = "<group>";
		};
		5381DD6C2C20BE92006F733B /* Cell */ = {
			isa = PBXGroup;
			children = (
				5381DD6D2C20BEA0006F733B /* SettingTableViewCell.swift */,
			);
			path = Cell;
			sourceTree = "<group>";
		};
		53A030FE2C1F340F00F85A6F /* ViewModel */ = {
			isa = PBXGroup;
			children = (
				5381DD5F2C20AE45006F733B /* DataModel */,
				53A030FF2C1F341A00F85A6F /* MainViewModel.swift */,
				53C3192D2C201BDF008A328F /* SearchResultViewModel.swift */,
				5381DD5D2C20A992006F733B /* SearchResultDetailViewModel.swift */,
			);
			path = ViewModel;
			sourceTree = "<group>";
		};
		53A0310A2C1F657600F85A6F /* Cell */ = {
			isa = PBXGroup;
			children = (
				53A0310C2C1F65B300F85A6F /* RecentSearchKeywordTableViewCell.swift */,
				5381DD3E2C205617006F733B /* SearchResultCollectionViewCell.swift */,
			);
			path = Cell;
			sourceTree = "<group>";
		};
		53A0310B2C1F658500F85A6F /* View */ = {
			isa = PBXGroup;
			children = (
				53A0310E2C1F6D2F00F85A6F /* RecentSearchKeywordHeaderView.swift */,
				53A031052C1F60DD00F85A6F /* EmptySearchKeywordView.swift */,
				53C3192F2C202A92008A328F /* SearchResultHeaderView.swift */,
			);
			path = View;
			sourceTree = "<group>";
		};
		53C319262C201AAB008A328F /* Protocol */ = {
			isa = PBXGroup;
			children = (
				53C319272C201AB9008A328F /* ManipulateRecentSearchKeywordDelegate.swift */,
				5381DD3C2C2055E1006F733B /* SearchResultDelegate.swift */,
			);
			path = Protocol;
			sourceTree = "<group>";
		};
		53DD788A2C31496A009892F5 /* enum */ = {
			isa = PBXGroup;
			children = (
				53DD78862C31494B009892F5 /* HTTPMethod.swift */,
				53DD78882C314960009892F5 /* NetworkError.swift */,
			);
			path = enum;
			sourceTree = "<group>";
		};
		53E46DC72C1B60600026DA77 /* Utility */ = {
			isa = PBXGroup;
			children = (
				5381DD402C20593C006F733B /* API */,
				53E46DC82C1B60760026DA77 /* Binding.swift */,
				5346DA302C1DBC7B008DEFBD /* ReuseIdentifiable.swift */,
			);
			path = Utility;
			sourceTree = "<group>";
		};
		53E46DCA2C1B61AC0026DA77 /* OnBoarding */ = {
			isa = PBXGroup;
			children = (
				5346DA402C1E276A008DEFBD /* View */,
			);
			path = OnBoarding;
			sourceTree = "<group>";
		};
		53E46DCB2C1B61B40026DA77 /* ViewModel */ = {
			isa = PBXGroup;
			children = (
				5346DA1A2C1C1836008DEFBD /* ProfileSettingViewModel.swift */,
				5346DA362C1E007C008DEFBD /* ProfileImageSettingViewModel.swift */,
			);
			path = ViewModel;
			sourceTree = "<group>";
		};
		53E46DCC2C1B61B80026DA77 /* View */ = {
			isa = PBXGroup;
			children = (
				5346DA282C1D7176008DEFBD /* Protocol */,
				5346DA2D2C1DBAA8008DEFBD /* Cell */,
				5346DA182C1C16EC008DEFBD /* ProfileSettingViewController.swift */,
				5346DA2B2C1D73B9008DEFBD /* ProfileImageSettingViewController.swift */,
			);
			path = View;
			sourceTree = "<group>";
		};
		53E46DCD2C1B61D40026DA77 /* View */ = {
			isa = PBXGroup;
			children = (
				5381DD622C20B72E006F733B /* Setting */,
				5346DA422C1EBA58008DEFBD /* Tabbar */,
				5346DA3F2C1E2753008DEFBD /* Profile */,
				5346DA3C2C1E2674008DEFBD /* Main */,
				53E46DCA2C1B61AC0026DA77 /* OnBoarding */,
			);
			path = View;
			sourceTree = "<group>";
		};
		53E46DD92C1B68480026DA77 /* CustomView */ = {
			isa = PBXGroup;
			children = (
				53E46DD22C1B62A00026DA77 /* OrangeButton.swift */,
				53E46DD42C1B63760026DA77 /* SystemFont.swift */,
				5346DA1C2C1C1B22008DEFBD /* ProfileImageView.swift */,
				5346DA212C1C35ED008DEFBD /* NickNameTextField.swift */,
				5346DA342C1DFD7A008DEFBD /* BlackLeftBarButtonItem.swift */,
				53C319312C202AF0008A328F /* GrayButton.swift */,
			);
			path = CustomView;
			sourceTree = "<group>";
		};
/* End PBXGroup section */

/* Begin PBXNativeTarget section */
		532F16532C1B585800EB4F8F /* Lets_Shopping */ = {
			isa = PBXNativeTarget;
			buildConfigurationList = 532F16682C1B585A00EB4F8F /* Build configuration list for PBXNativeTarget "Lets_Shopping" */;
			buildPhases = (
				532F16502C1B585800EB4F8F /* Sources */,
				532F16512C1B585800EB4F8F /* Frameworks */,
				532F16522C1B585800EB4F8F /* Resources */,
			);
			buildRules = (
			);
			dependencies = (
			);
			name = Lets_Shopping;
			packageProductDependencies = (
				53E46DD72C1B65390026DA77 /* SnapKit */,
				5381DD492C206C6F006F733B /* Alamofire */,
				5381DD4C2C206C77006F733B /* Kingfisher */,
			);
			productName = Lets_Shopping;
			productReference = 532F16542C1B585800EB4F8F /* Lets_Shopping.app */;
			productType = "com.apple.product-type.application";
		};
/* End PBXNativeTarget section */

/* Begin PBXProject section */
		532F164C2C1B585800EB4F8F /* Project object */ = {
			isa = PBXProject;
			attributes = {
				BuildIndependentTargetsInParallel = 1;
				LastSwiftUpdateCheck = 1530;
				LastUpgradeCheck = 1530;
				TargetAttributes = {
					532F16532C1B585800EB4F8F = {
						CreatedOnToolsVersion = 15.3;
					};
				};
			};
			buildConfigurationList = 532F164F2C1B585800EB4F8F /* Build configuration list for PBXProject "Lets_Shopping" */;
			compatibilityVersion = "Xcode 14.0";
			developmentRegion = en;
			hasScannedForEncodings = 0;
			knownRegions = (
				en,
				Base,
			);
			mainGroup = 532F164B2C1B585800EB4F8F;
			packageReferences = (
				53E46DD62C1B65390026DA77 /* XCRemoteSwiftPackageReference "SnapKit" */,
				5381DD482C206C6F006F733B /* XCRemoteSwiftPackageReference "Alamofire" */,
				5381DD4B2C206C77006F733B /* XCRemoteSwiftPackageReference "Kingfisher" */,
			);
			productRefGroup = 532F16552C1B585800EB4F8F /* Products */;
			projectDirPath = "";
			projectRoot = "";
			targets = (
				532F16532C1B585800EB4F8F /* Lets_Shopping */,
			);
		};
/* End PBXProject section */

/* Begin PBXResourcesBuildPhase section */
		532F16522C1B585800EB4F8F /* Resources */ = {
			isa = PBXResourcesBuildPhase;
			buildActionMask = 2147483647;
			files = (
				532F166C2C1B595300EB4F8F /* .gitignore in Resources */,
				532F16612C1B585A00EB4F8F /* Assets.xcassets in Resources */,
				532F16642C1B585A00EB4F8F /* Base in Resources */,
			);
			runOnlyForDeploymentPostprocessing = 0;
		};
/* End PBXResourcesBuildPhase section */

/* Begin PBXSourcesBuildPhase section */
		532F16502C1B585800EB4F8F /* Sources */ = {
			isa = PBXSourcesBuildPhase;
			buildActionMask = 2147483647;
			files = (
				5346DA1D2C1C1B22008DEFBD /* ProfileImageView.swift in Sources */,
				5381DD3F2C205617006F733B /* SearchResultCollectionViewCell.swift in Sources */,
				53AF791A2C295608003F734B /* UIViewController+Extension.swift in Sources */,
				534275FA2C2D576F00691D4A /* Encodable+Extension.swift in Sources */,
				5346DA442C1EBA65008DEFBD /* TabBarController.swift in Sources */,
				5381DD572C209CD6006F733B /* LikeItemDTO.swift in Sources */,
				53A031022C1F5D5500F85A6F /* SearchResultViewController.swift in Sources */,
				5346DA222C1C35ED008DEFBD /* NickNameTextField.swift in Sources */,
				53DD788C2C31499F009892F5 /* NaverShoppingRequestDTO.swift in Sources */,
				5346DA2F2C1DBAB6008DEFBD /* ProfileSettingImageCollectionViewCell.swift in Sources */,
				532F165C2C1B585800EB4F8F /* ViewController.swift in Sources */,
				53DD78892C314960009892F5 /* NetworkError.swift in Sources */,
				5346DA352C1DFD7A008DEFBD /* BlackLeftBarButtonItem.swift in Sources */,
				53E46DD32C1B62A00026DA77 /* OrangeButton.swift in Sources */,
				5346DA1F2C1C1BF4008DEFBD /* ProfileImage.swift in Sources */,
				5381DD502C206CDC006F733B /* NetworkManager.swift in Sources */,
				5381DD532C207411006F733B /* Sort.swift in Sources */,
				5346DA312C1DBC7B008DEFBD /* ReuseIdentifiable.swift in Sources */,
				5381DD472C205FE2006F733B /* Bundle+Extension.swift in Sources */,
				5346DA172C1C1692008DEFBD /* UserInformationDTO.swift in Sources */,
				53C319302C202A92008A328F /* SearchResultHeaderView.swift in Sources */,
				534275FC2C2D802400691D4A /* ServiceManager.swift in Sources */,
				53E46DD52C1B63760026DA77 /* SystemFont.swift in Sources */,
				5346DA2C2C1D73B9008DEFBD /* ProfileImageSettingViewController.swift in Sources */,
				532F16582C1B585800EB4F8F /* AppDelegate.swift in Sources */,
				53A0310F2C1F6D2F00F85A6F /* RecentSearchKeywordHeaderView.swift in Sources */,
				53DD78852C313BA4009892F5 /* NetworkRetryHandler.swift in Sources */,
				5346DA252C1C40B5008DEFBD /* CALayer+Extension.swift in Sources */,
				532F165A2C1B585800EB4F8F /* SceneDelegate.swift in Sources */,
				5300ABB02C2170E5000E87B8 /* String+Extension.swift in Sources */,
				5346DA3E2C1E2695008DEFBD /* MainViewController.swift in Sources */,
				5346DA2A2C1D7185008DEFBD /* NickNameTextFieldDelegate.swift in Sources */,
				53A031002C1F341A00F85A6F /* MainViewModel.swift in Sources */,
				5346DA272C1CCBC5008DEFBD /* NickNameMessage.swift in Sources */,
				5346DA1B2C1C1836008DEFBD /* ProfileSettingViewModel.swift in Sources */,
				53A4227E2C1B692F00556400 /* ContentSize.swift in Sources */,
				5381DD952C2136F8006F733B /* Navigation.swift in Sources */,
				5346DA392C1E1ABB008DEFBD /* ProfileSettingDelegate.swift in Sources */,
				5381DD5A2C20A7CC006F733B /* SearchResultDetailViewController.swift in Sources */,
				5381DD682C20B7D9006F733B /* ProfileView.swift in Sources */,
				5381DD3D2C2055E1006F733B /* SearchResultDelegate.swift in Sources */,
				5381DD6E2C20BEA0006F733B /* SettingTableViewCell.swift in Sources */,
				53C3192E2C201BDF008A328F /* SearchResultViewModel.swift in Sources */,
				5381DD442C205955006F733B /* APIRequest.swift in Sources */,
				5346DA192C1C16EC008DEFBD /* ProfileSettingViewController.swift in Sources */,
				53A031042C1F603700F85A6F /* RecentSearchKeywordDTO.swift in Sources */,
				5381DD552C20768D006F733B /* SearchResultDTO.swift in Sources */,
				5346DA3B2C1E2116008DEFBD /* UserDefaults+Extension.swift in Sources */,
				53DD78872C31494B009892F5 /* HTTPMethod.swift in Sources */,
				5381DD6B2C20B9F3006F733B /* SettingViewModel.swift in Sources */,
				5346DA372C1E007C008DEFBD /* ProfileImageSettingViewModel.swift in Sources */,
				5381DD5E2C20A992006F733B /* SearchResultDetailViewModel.swift in Sources */,
				53C319322C202AF0008A328F /* GrayButton.swift in Sources */,
				53E46DC92C1B60760026DA77 /* Binding.swift in Sources */,
				53A0310D2C1F65B300F85A6F /* RecentSearchKeywordTableViewCell.swift in Sources */,
				53A031062C1F60DD00F85A6F /* EmptySearchKeywordView.swift in Sources */,
				5381DD5C2C20A92B006F733B /* SearchResultDetailDataModel.swift in Sources */,
				53E46DD02C1B61F10026DA77 /* OnBoardingViewController.swift in Sources */,
				5381DD652C20B73C006F733B /* SettingViewController.swift in Sources */,
				53C319282C201AB9008A328F /* ManipulateRecentSearchKeywordDelegate.swift in Sources */,
			);
			runOnlyForDeploymentPostprocessing = 0;
		};
/* End PBXSourcesBuildPhase section */

/* Begin PBXVariantGroup section */
		532F16622C1B585A00EB4F8F /* LaunchScreen.storyboard */ = {
			isa = PBXVariantGroup;
			children = (
				532F16632C1B585A00EB4F8F /* Base */,
			);
			name = LaunchScreen.storyboard;
			sourceTree = "<group>";
		};
/* End PBXVariantGroup section */

/* Begin XCBuildConfiguration section */
		532F16662C1B585A00EB4F8F /* Debug */ = {
			isa = XCBuildConfiguration;
			buildSettings = {
				ALWAYS_SEARCH_USER_PATHS = NO;
				ASSETCATALOG_COMPILER_GENERATE_SWIFT_ASSET_SYMBOL_EXTENSIONS = YES;
				CLANG_ANALYZER_NONNULL = YES;
				CLANG_ANALYZER_NUMBER_OBJECT_CONVERSION = YES_AGGRESSIVE;
				CLANG_CXX_LANGUAGE_STANDARD = "gnu++20";
				CLANG_ENABLE_MODULES = YES;
				CLANG_ENABLE_OBJC_ARC = YES;
				CLANG_ENABLE_OBJC_WEAK = YES;
				CLANG_WARN_BLOCK_CAPTURE_AUTORELEASING = YES;
				CLANG_WARN_BOOL_CONVERSION = YES;
				CLANG_WARN_COMMA = YES;
				CLANG_WARN_CONSTANT_CONVERSION = YES;
				CLANG_WARN_DEPRECATED_OBJC_IMPLEMENTATIONS = YES;
				CLANG_WARN_DIRECT_OBJC_ISA_USAGE = YES_ERROR;
				CLANG_WARN_DOCUMENTATION_COMMENTS = YES;
				CLANG_WARN_EMPTY_BODY = YES;
				CLANG_WARN_ENUM_CONVERSION = YES;
				CLANG_WARN_INFINITE_RECURSION = YES;
				CLANG_WARN_INT_CONVERSION = YES;
				CLANG_WARN_NON_LITERAL_NULL_CONVERSION = YES;
				CLANG_WARN_OBJC_IMPLICIT_RETAIN_SELF = YES;
				CLANG_WARN_OBJC_LITERAL_CONVERSION = YES;
				CLANG_WARN_OBJC_ROOT_CLASS = YES_ERROR;
				CLANG_WARN_QUOTED_INCLUDE_IN_FRAMEWORK_HEADER = YES;
				CLANG_WARN_RANGE_LOOP_ANALYSIS = YES;
				CLANG_WARN_STRICT_PROTOTYPES = YES;
				CLANG_WARN_SUSPICIOUS_MOVE = YES;
				CLANG_WARN_UNGUARDED_AVAILABILITY = YES_AGGRESSIVE;
				CLANG_WARN_UNREACHABLE_CODE = YES;
				CLANG_WARN__DUPLICATE_METHOD_MATCH = YES;
				COPY_PHASE_STRIP = NO;
				DEBUG_INFORMATION_FORMAT = dwarf;
				ENABLE_STRICT_OBJC_MSGSEND = YES;
				ENABLE_TESTABILITY = YES;
				ENABLE_USER_SCRIPT_SANDBOXING = YES;
				GCC_C_LANGUAGE_STANDARD = gnu17;
				GCC_DYNAMIC_NO_PIC = NO;
				GCC_NO_COMMON_BLOCKS = YES;
				GCC_OPTIMIZATION_LEVEL = 0;
				GCC_PREPROCESSOR_DEFINITIONS = (
					"DEBUG=1",
					"$(inherited)",
				);
				GCC_WARN_64_TO_32_BIT_CONVERSION = YES;
				GCC_WARN_ABOUT_RETURN_TYPE = YES_ERROR;
				GCC_WARN_UNDECLARED_SELECTOR = YES;
				GCC_WARN_UNINITIALIZED_AUTOS = YES_AGGRESSIVE;
				GCC_WARN_UNUSED_FUNCTION = YES;
				GCC_WARN_UNUSED_VARIABLE = YES;
				IPHONEOS_DEPLOYMENT_TARGET = 15.0;
				LOCALIZATION_PREFERS_STRING_CATALOGS = YES;
				MTL_ENABLE_DEBUG_INFO = INCLUDE_SOURCE;
				MTL_FAST_MATH = YES;
				ONLY_ACTIVE_ARCH = YES;
				SDKROOT = iphoneos;
				SWIFT_ACTIVE_COMPILATION_CONDITIONS = "DEBUG $(inherited)";
				SWIFT_OPTIMIZATION_LEVEL = "-Onone";
			};
			name = Debug;
		};
		532F16672C1B585A00EB4F8F /* Release */ = {
			isa = XCBuildConfiguration;
			buildSettings = {
				ALWAYS_SEARCH_USER_PATHS = NO;
				ASSETCATALOG_COMPILER_GENERATE_SWIFT_ASSET_SYMBOL_EXTENSIONS = YES;
				CLANG_ANALYZER_NONNULL = YES;
				CLANG_ANALYZER_NUMBER_OBJECT_CONVERSION = YES_AGGRESSIVE;
				CLANG_CXX_LANGUAGE_STANDARD = "gnu++20";
				CLANG_ENABLE_MODULES = YES;
				CLANG_ENABLE_OBJC_ARC = YES;
				CLANG_ENABLE_OBJC_WEAK = YES;
				CLANG_WARN_BLOCK_CAPTURE_AUTORELEASING = YES;
				CLANG_WARN_BOOL_CONVERSION = YES;
				CLANG_WARN_COMMA = YES;
				CLANG_WARN_CONSTANT_CONVERSION = YES;
				CLANG_WARN_DEPRECATED_OBJC_IMPLEMENTATIONS = YES;
				CLANG_WARN_DIRECT_OBJC_ISA_USAGE = YES_ERROR;
				CLANG_WARN_DOCUMENTATION_COMMENTS = YES;
				CLANG_WARN_EMPTY_BODY = YES;
				CLANG_WARN_ENUM_CONVERSION = YES;
				CLANG_WARN_INFINITE_RECURSION = YES;
				CLANG_WARN_INT_CONVERSION = YES;
				CLANG_WARN_NON_LITERAL_NULL_CONVERSION = YES;
				CLANG_WARN_OBJC_IMPLICIT_RETAIN_SELF = YES;
				CLANG_WARN_OBJC_LITERAL_CONVERSION = YES;
				CLANG_WARN_OBJC_ROOT_CLASS = YES_ERROR;
				CLANG_WARN_QUOTED_INCLUDE_IN_FRAMEWORK_HEADER = YES;
				CLANG_WARN_RANGE_LOOP_ANALYSIS = YES;
				CLANG_WARN_STRICT_PROTOTYPES = YES;
				CLANG_WARN_SUSPICIOUS_MOVE = YES;
				CLANG_WARN_UNGUARDED_AVAILABILITY = YES_AGGRESSIVE;
				CLANG_WARN_UNREACHABLE_CODE = YES;
				CLANG_WARN__DUPLICATE_METHOD_MATCH = YES;
				COPY_PHASE_STRIP = NO;
				DEBUG_INFORMATION_FORMAT = "dwarf-with-dsym";
				ENABLE_NS_ASSERTIONS = NO;
				ENABLE_STRICT_OBJC_MSGSEND = YES;
				ENABLE_USER_SCRIPT_SANDBOXING = YES;
				GCC_C_LANGUAGE_STANDARD = gnu17;
				GCC_NO_COMMON_BLOCKS = YES;
				GCC_WARN_64_TO_32_BIT_CONVERSION = YES;
				GCC_WARN_ABOUT_RETURN_TYPE = YES_ERROR;
				GCC_WARN_UNDECLARED_SELECTOR = YES;
				GCC_WARN_UNINITIALIZED_AUTOS = YES_AGGRESSIVE;
				GCC_WARN_UNUSED_FUNCTION = YES;
				GCC_WARN_UNUSED_VARIABLE = YES;
				IPHONEOS_DEPLOYMENT_TARGET = 15.0;
				LOCALIZATION_PREFERS_STRING_CATALOGS = YES;
				MTL_ENABLE_DEBUG_INFO = NO;
				MTL_FAST_MATH = YES;
				SDKROOT = iphoneos;
				SWIFT_COMPILATION_MODE = wholemodule;
				VALIDATE_PRODUCT = YES;
			};
			name = Release;
		};
		532F16692C1B585A00EB4F8F /* Debug */ = {
			isa = XCBuildConfiguration;
			baseConfigurationReference = 5381DD452C205E65006F733B /* Secrets.xcconfig */;
			buildSettings = {
				ASSETCATALOG_COMPILER_APPICON_NAME = AppIcon;
				ASSETCATALOG_COMPILER_GLOBAL_ACCENT_COLOR_NAME = AccentColor;
				CODE_SIGN_STYLE = Automatic;
				CURRENT_PROJECT_VERSION = 1;
				DEVELOPMENT_TEAM = CX8P4D8Z7M;
				GENERATE_INFOPLIST_FILE = YES;
				INFOPLIST_FILE = Lets_Shopping/Info.plist;
				INFOPLIST_KEY_CFBundleDisplayName = "김수경";
				INFOPLIST_KEY_UIApplicationSupportsIndirectInputEvents = YES;
				INFOPLIST_KEY_UILaunchStoryboardName = LaunchScreen;
				INFOPLIST_KEY_UISupportedInterfaceOrientations = UIInterfaceOrientationPortrait;
				INFOPLIST_KEY_UISupportedInterfaceOrientations_iPad = "UIInterfaceOrientationLandscapeLeft UIInterfaceOrientationLandscapeRight UIInterfaceOrientationPortrait UIInterfaceOrientationPortraitUpsideDown";
				IPHONEOS_DEPLOYMENT_TARGET = 15.0;
				LD_RUNPATH_SEARCH_PATHS = (
					"$(inherited)",
					"@executable_path/Frameworks",
				);
				MARKETING_VERSION = 1.0;
				PRODUCT_BUNDLE_IDENTIFIER = "sk.Lets-Shopping";
				PRODUCT_NAME = "$(TARGET_NAME)";
				SUPPORTED_PLATFORMS = "iphoneos iphonesimulator";
				SUPPORTS_MACCATALYST = NO;
				SUPPORTS_MAC_DESIGNED_FOR_IPHONE_IPAD = NO;
				SUPPORTS_XR_DESIGNED_FOR_IPHONE_IPAD = NO;
				SWIFT_EMIT_LOC_STRINGS = YES;
				SWIFT_VERSION = 5.0;
				TARGETED_DEVICE_FAMILY = 1;
			};
			name = Debug;
		};
		532F166A2C1B585A00EB4F8F /* Release */ = {
			isa = XCBuildConfiguration;
			buildSettings = {
				ASSETCATALOG_COMPILER_APPICON_NAME = AppIcon;
				ASSETCATALOG_COMPILER_GLOBAL_ACCENT_COLOR_NAME = AccentColor;
				CODE_SIGN_STYLE = Automatic;
				CURRENT_PROJECT_VERSION = 1;
				DEVELOPMENT_TEAM = CX8P4D8Z7M;
				GENERATE_INFOPLIST_FILE = YES;
				INFOPLIST_FILE = Lets_Shopping/Info.plist;
				INFOPLIST_KEY_CFBundleDisplayName = "김수경";
				INFOPLIST_KEY_UIApplicationSupportsIndirectInputEvents = YES;
				INFOPLIST_KEY_UILaunchStoryboardName = LaunchScreen;
				INFOPLIST_KEY_UISupportedInterfaceOrientations = UIInterfaceOrientationPortrait;
				INFOPLIST_KEY_UISupportedInterfaceOrientations_iPad = "UIInterfaceOrientationLandscapeLeft UIInterfaceOrientationLandscapeRight UIInterfaceOrientationPortrait UIInterfaceOrientationPortraitUpsideDown";
				IPHONEOS_DEPLOYMENT_TARGET = 15.0;
				LD_RUNPATH_SEARCH_PATHS = (
					"$(inherited)",
					"@executable_path/Frameworks",
				);
				MARKETING_VERSION = 1.0;
				PRODUCT_BUNDLE_IDENTIFIER = "sk.Lets-Shopping";
				PRODUCT_NAME = "$(TARGET_NAME)";
				SUPPORTED_PLATFORMS = "iphoneos iphonesimulator";
				SUPPORTS_MACCATALYST = NO;
				SUPPORTS_MAC_DESIGNED_FOR_IPHONE_IPAD = NO;
				SUPPORTS_XR_DESIGNED_FOR_IPHONE_IPAD = NO;
				SWIFT_EMIT_LOC_STRINGS = YES;
				SWIFT_VERSION = 5.0;
				TARGETED_DEVICE_FAMILY = 1;
			};
			name = Release;
		};
/* End XCBuildConfiguration section */

/* Begin XCConfigurationList section */
		532F164F2C1B585800EB4F8F /* Build configuration list for PBXProject "Lets_Shopping" */ = {
			isa = XCConfigurationList;
			buildConfigurations = (
				532F16662C1B585A00EB4F8F /* Debug */,
				532F16672C1B585A00EB4F8F /* Release */,
			);
			defaultConfigurationIsVisible = 0;
			defaultConfigurationName = Release;
		};
		532F16682C1B585A00EB4F8F /* Build configuration list for PBXNativeTarget "Lets_Shopping" */ = {
			isa = XCConfigurationList;
			buildConfigurations = (
				532F16692C1B585A00EB4F8F /* Debug */,
				532F166A2C1B585A00EB4F8F /* Release */,
			);
			defaultConfigurationIsVisible = 0;
			defaultConfigurationName = Release;
		};
/* End XCConfigurationList section */

/* Begin XCRemoteSwiftPackageReference section */
		5381DD482C206C6F006F733B /* XCRemoteSwiftPackageReference "Alamofire" */ = {
			isa = XCRemoteSwiftPackageReference;
			repositoryURL = "https://github.com/Alamofire/Alamofire.git";
			requirement = {
				kind = upToNextMajorVersion;
				minimumVersion = 5.9.1;
			};
		};
		5381DD4B2C206C77006F733B /* XCRemoteSwiftPackageReference "Kingfisher" */ = {
			isa = XCRemoteSwiftPackageReference;
			repositoryURL = "https://github.com/onevcat/Kingfisher.git";
			requirement = {
				kind = upToNextMajorVersion;
				minimumVersion = 7.12.0;
			};
		};
		53E46DD62C1B65390026DA77 /* XCRemoteSwiftPackageReference "SnapKit" */ = {
			isa = XCRemoteSwiftPackageReference;
			repositoryURL = "https://github.com/SnapKit/SnapKit.git";
			requirement = {
				kind = upToNextMajorVersion;
				minimumVersion = 5.7.1;
			};
		};
/* End XCRemoteSwiftPackageReference section */

/* Begin XCSwiftPackageProductDependency section */
		5381DD492C206C6F006F733B /* Alamofire */ = {
			isa = XCSwiftPackageProductDependency;
			package = 5381DD482C206C6F006F733B /* XCRemoteSwiftPackageReference "Alamofire" */;
			productName = Alamofire;
		};
		5381DD4C2C206C77006F733B /* Kingfisher */ = {
			isa = XCSwiftPackageProductDependency;
			package = 5381DD4B2C206C77006F733B /* XCRemoteSwiftPackageReference "Kingfisher" */;
			productName = Kingfisher;
		};
		53E46DD72C1B65390026DA77 /* SnapKit */ = {
			isa = XCSwiftPackageProductDependency;
			package = 53E46DD62C1B65390026DA77 /* XCRemoteSwiftPackageReference "SnapKit" */;
			productName = SnapKit;
		};
/* End XCSwiftPackageProductDependency section */
	};
	rootObject = 532F164C2C1B585800EB4F8F /* Project object */;
}
